
Microsoft Visual Studio Solution File, Format Version 12.00
# Visual Studio 2013
VisualStudioVersion = 12.0.31101.0
MinimumVisualStudioVersion = 10.0.40219.1
Project("{FAE04EC0-301F-11D3-BF4B-00C04F79EFBC}") = "SumITCompOnline.WebApi", "SumITCompOnline.WebApi\SumITCompOnline.WebApi.csproj", "{76DC7064-6BB0-4E88-B483-91AF1905C2FD}"
EndProject
Project("{FAE04EC0-301F-11D3-BF4B-00C04F79EFBC}") = "SumITCompOnline.Entities", "src\SumITCompOnline.Entities\SumITCompOnline.Entities.csproj", "{69798DC2-2736-499F-BBBE-3AF4BC159C0D}"
EndProject
Project("{FAE04EC0-301F-11D3-BF4B-00C04F79EFBC}") = "SumITCompOnline.WebApi.Test", "test\SumITCompOnline.WebApi.Test.NUnit\SumITCompOnline.WebApi.Test.csproj", "{BC82065D-31E1-4035-B9A2-E74275063845}"
EndProject
Project("{2150E333-8FDC-42A3-9474-1A3956D46DE8}") = ".nuget", ".nuget", "{54D3E67D-2A10-44FE-8E8C-A74D7A140449}"
	ProjectSection(SolutionItems) = preProject
		.nuget\NuGet.Config = .nuget\NuGet.Config
		.nuget\NuGet.exe = .nuget\NuGet.exe
		.nuget\NuGet.targets = .nuget\NuGet.targets
	EndProjectSection
EndProject
Global
	GlobalSection(SolutionConfigurationPlatforms) = preSolution
		Debug|Any CPU = Debug|Any CPU
		Release|Any CPU = Release|Any CPU
	EndGlobalSection
	GlobalSection(ProjectConfigurationPlatforms) = postSolution
		{76DC7064-6BB0-4E88-B483-91AF1905C2FD}.Debug|Any CPU.ActiveCfg = Debug|Any CPU
		{76DC7064-6BB0-4E88-B483-91AF1905C2FD}.Debug|Any CPU.Build.0 = Debug|Any CPU
		{76DC7064-6BB0-4E88-B483-91AF1905C2FD}.Release|Any CPU.ActiveCfg = Release|Any CPU
		{76DC7064-6BB0-4E88-B483-91AF1905C2FD}.Release|Any CPU.Build.0 = Release|Any CPU
		{69798DC2-2736-499F-BBBE-3AF4BC159C0D}.Debug|Any CPU.ActiveCfg = Debug|Any CPU
		{69798DC2-2736-499F-BBBE-3AF4BC159C0D}.Debug|Any CPU.Build.0 = Debug|Any CPU
		{69798DC2-2736-499F-BBBE-3AF4BC159C0D}.Release|Any CPU.ActiveCfg = Release|Any CPU
		{69798DC2-2736-499F-BBBE-3AF4BC159C0D}.Release|Any CPU.Build.0 = Release|Any CPU
		{BC82065D-31E1-4035-B9A2-E74275063845}.Debug|Any CPU.ActiveCfg = Debug|Any CPU
		{BC82065D-31E1-4035-B9A2-E74275063845}.Debug|Any CPU.Build.0 = Debug|Any CPU
		{BC82065D-31E1-4035-B9A2-E74275063845}.Release|Any CPU.ActiveCfg = Release|Any CPU
		{BC82065D-31E1-4035-B9A2-E74275063845}.Release|Any CPU.Build.0 = Release|Any CPU
	EndGlobalSection
	GlobalSection(SolutionProperties) = preSolution
		HideSolutionNode = FALSE
	EndGlobalSection
EndGlobal
